lockfileVersion: '9.0'

settings:
  autoInstallPeers: true
  excludeLinksFromLockfile: false

importers:

  .:
    dependencies:
      '@clerk/nextjs':
        specifier: latest
        version: 6.36.6(next@16.1.1(react-dom@19.2.3(react@19.2.3))(react@19.2.3))(react-dom@19.2.3(react@19.2.3))(react@19.2.3)
      '@prisma/client':
        specifier: 5.19.1
        version: 5.19.1(prisma@5.19.1)
      '@vercel/blob':
        specifier: latest
        version: 2.0.0
      next:
        specifier: latest
        version: 16.1.1(react-dom@19.2.3(react@19.2.3))(react@19.2.3)
      prisma:
        specifier: 5.19.1
        version: 5.19.1
      react:
        specifier: latest
        version: 19.2.3
      react-dom:
        specifier: latest
        version: 19.2.3(react@19.2.3)

packages:

  '@clerk/backend@2.29.1':
    resolution: {integrity: sha512-LrDajEmb1lGGgAn5T0Z0W+DzuHVWjf5gL4lnnd+q+KbXbh1nAIPZ3a8q03OMrinNF4P2DsB7nojadujQ5D5fOA==}
    engines: {node: '>=18.17.0'}

  '@clerk/clerk-react@5.59.3':
    resolution: {integrity: sha512-r1gmAYxhXs+QkXjDwj5Eqvm0Io8PtJ4FKkA45khiAzIQXcaQLFq/wFy7d1K8OSIYAIdFbuO0bnIOU/FdgWOc+A==}
    engines: {node: '>=18.17.0'}
    peerDependencies:
      react: ^18.0.0 || ~19.0.3 || ~19.1.4 || ~19.2.3 || ~19.3.0-0
      react-dom: ^18.0.0 || ~19.0.3 || ~19.1.4 || ~19.2.3 || ~19.3.0-0

  '@clerk/nextjs@6.36.6':
    resolution: {integrity: sha512-PyneUXoV99i1P03np5MRtMSY3OdGQtE4nCUD5Hb/F5zHecIVAlUekqDd01t4+ju7uBNXBF3hpUFMh/xdsii4Dw==}
    engines: {node: '>=18.17.0'}
    peerDependencies:
      next: ^13.5.7 || ^14.2.25 || ^15.2.3 || ^16
      react: ^18.0.0 || ~19.0.3 || ~19.1.4 || ~19.2.3 || ~19.3.0-0
      react-dom: ^18.0.0 || ~19.0.3 || ~19.1.4 || ~19.2.3 || ~19.3.0-0

  '@clerk/shared@3.42.0':
    resolution: {integrity: sha512-sJUur/7jnHHlAsdoDosxpOmfV05VR7K5rvqlFskj3GaAMFEJrvdOztw0hmhBGVSWiCpjTZfdGITegton8mo7mQ==}
    engines: {node: '>=18.17.0'}
    peerDependencies:
      react: ^18.0.0 || ~19.0.3 || ~19.1.4 || ~19.2.3 || ~19.3.0-0
      react-dom: ^18.0.0 || ~19.0.3 || ~19.1.4 || ~19.2.3 || ~19.3.0-0
    peerDependenciesMeta:
      react:
        optional: true
      react-dom:
        optional: true

  '@clerk/types@4.101.10':
    resolution: {integrity: sha512-qlmgnAm/IeK02RKEKVN8/Glx07xw/Lcv67jBfikM8HXhHc5v7bfYLD8UiWTr6H2RGtvB09cIt9JezRRlsuVBew==}
    engines: {node: '>=18.17.0'}

  '@emnapi/runtime@1.8.1':
    resolution: {integrity: sha512-mehfKSMWjjNol8659Z8KxEMrdSJDDot5SXMq00dM8BN4o+CLNXQ0xH2V7EchNHV4RmbZLmmPdEaXZc5H2FXmDg==}

  '@fastify/busboy@2.1.1':
    resolution: {integrity: sha512-vBZP4NlzfOlerQTnba4aqZoMhE/a9HY7HRqoOPaETQcSQuWEIyZMHGfVu6w9wGtGK5fED5qRs2DteVCjOH60sA==}
    engines: {node: '>=14'}

  '@img/colour@1.0.0':
    resolution: {integrity: sha512-A5P/LfWGFSl6nsckYtjw9da+19jB8hkJ6ACTGcDfEJ0aE+l2n2El7dsVM7UVHZQ9s2lmYMWlrS21YLy2IR1LUw==}
    engines: {node: '>=18'}

  '@img/sharp-darwin-arm64@0.34.5':
    resolution: {integrity: sha512-imtQ3WMJXbMY4fxb/Ndp6HBTNVtWCUI0WdobyheGf5+ad6xX8VIDO8u2xE4qc/fr08CKG/7dDseFtn6M6g/r3w==}
    engines: {node: ^18.17.0 || ^20.3.0 || >=21.0.0}
    cpu: [arm64]
    os: [darwin]

  '@img/sharp-darwin-x64@0.34.5':
    resolution: {integrity: sha512-YNEFAF/4KQ/PeW0N+r+aVVsoIY0/qxxikF2SWdp+NRkmMB7y9LBZAVqQ4yhGCm/H3H270OSykqmQMKLBhBJDEw==}
    engines: {node: ^18.17.0 || ^20.3.0 || >=21.0.0}
    cpu: [x64]
    os: [darwin]

  '@img/sharp-libvips-darwin-arm64@1.2.4':
    resolution: {integrity: sha512-zqjjo7RatFfFoP0MkQ51jfuFZBnVE2pRiaydKJ1G/rHZvnsrHAOcQALIi9sA5co5xenQdTugCvtb1cuf78Vf4g==}
    cpu: [arm64]
    os: [darwin]

  '@img/sharp-libvips-darwin-x64@1.2.4':
    resolution: {integrity: sha512-1IOd5xfVhlGwX+zXv2N93k0yMONvUlANylbJw1eTah8K/Jtpi15KC+WSiaX/nBmbm2HxRM1gZ0nSdjSsrZbGKg==}
    cpu: [x64]
    os: [darwin]

  '@img/sharp-libvips-linux-arm64@1.2.4':
    resolution: {integrity: sha512-excjX8DfsIcJ10x1Kzr4RcWe1edC9PquDRRPx3YVCvQv+U5p7Yin2s32ftzikXojb1PIFc/9Mt28/y+iRklkrw==}
    cpu: [arm64]
    os: [linux]

  '@img/sharp-libvips-linux-arm@1.2.4':
    resolution: {integrity: sha512-bFI7xcKFELdiNCVov8e44Ia4u2byA+l3XtsAj+Q8tfCwO6BQ8iDojYdvoPMqsKDkuoOo+X6HZA0s0q11ANMQ8A==}
    cpu: [arm]
    os: [linux]

  '@img/sharp-libvips-linux-ppc64@1.2.4':
    resolution: {integrity: sha512-FMuvGijLDYG6lW+b/UvyilUWu5Ayu+3r2d1S8notiGCIyYU/76eig1UfMmkZ7vwgOrzKzlQbFSuQfgm7GYUPpA==}
    cpu: [ppc64]
    os: [linux]

  '@img/sharp-libvips-linux-riscv64@1.2.4':
    resolution: {integrity: sha512-oVDbcR4zUC0ce82teubSm+x6ETixtKZBh/qbREIOcI3cULzDyb18Sr/Wcyx7NRQeQzOiHTNbZFF1UwPS2scyGA==}
    cpu: [riscv64]
    os: [linux]

  '@img/sharp-libvips-linux-s390x@1.2.4':
    resolution: {integrity: sha512-qmp9VrzgPgMoGZyPvrQHqk02uyjA0/QrTO26Tqk6l4ZV0MPWIW6LTkqOIov+J1yEu7MbFQaDpwdwJKhbJvuRxQ==}
    cpu: [s390x]
    os: [linux]

  '@img/sharp-libvips-linux-x64@1.2.4':
    resolution: {integrity: sha512-tJxiiLsmHc9Ax1bz3oaOYBURTXGIRDODBqhveVHonrHJ9/+k89qbLl0bcJns+e4t4rvaNBxaEZsFtSfAdquPrw==}
    cpu: [x64]
    os: [linux]

  '@img/sharp-libvips-linuxmusl-arm64@1.2.4':
    resolution: {integrity: sha512-FVQHuwx1IIuNow9QAbYUzJ+En8KcVm9Lk5+uGUQJHaZmMECZmOlix9HnH7n1TRkXMS0pGxIJokIVB9SuqZGGXw==}
    cpu: [arm64]
    os: [linux]

  '@img/sharp-libvips-linuxmusl-x64@1.2.4':
    resolution: {integrity: sha512-+LpyBk7L44ZIXwz/VYfglaX/okxezESc6UxDSoyo2Ks6Jxc4Y7sGjpgU9s4PMgqgjj1gZCylTieNamqA1MF7Dg==}
    cpu: [x64]
    os: [linux]

  '@img/sharp-linux-arm64@0.34.5':
    resolution: {integrity: sha512-bKQzaJRY/bkPOXyKx5EVup7qkaojECG6NLYswgktOZjaXecSAeCWiZwwiFf3/Y+O1HrauiE3FVsGxFg8c24rZg==}
    engines: {node: ^18.17.0 || ^20.3.0 || >=21.0.0}
    cpu: [arm64]
    os: [linux]

  '@img/sharp-linux-arm@0.34.5':
    resolution: {integrity: sha512-9dLqsvwtg1uuXBGZKsxem9595+ujv0sJ6Vi8wcTANSFpwV/GONat5eCkzQo/1O6zRIkh0m/8+5BjrRr7jDUSZw==}
    engines: {node: ^18.17.0 || ^20.3.0 || >=21.0.0}
    cpu: [arm]
    os: [linux]

  '@img/sharp-linux-ppc64@0.34.5':
    resolution: {integrity: sha512-7zznwNaqW6YtsfrGGDA6BRkISKAAE1Jo0QdpNYXNMHu2+0dTrPflTLNkpc8l7MUP5M16ZJcUvysVWWrMefZquA==}
    engines: {node: ^18.17.0 || ^20.3.0 || >=21.0.0}
    cpu: [ppc64]
    os: [linux]

  '@img/sharp-linux-riscv64@0.34.5':
    resolution: {integrity: sha512-51gJuLPTKa7piYPaVs8GmByo7/U7/7TZOq+cnXJIHZKavIRHAP77e3N2HEl3dgiqdD/w0yUfiJnII77PuDDFdw==}
    engines: {node: ^18.17.0 || ^20.3.0 || >=21.0.0}
    cpu: [riscv64]
    os: [linux]

  '@img/sharp-linux-s390x@0.34.5':
    resolution: {integrity: sha512-nQtCk0PdKfho3eC5MrbQoigJ2gd1CgddUMkabUj+rBevs8tZ2cULOx46E7oyX+04WGfABgIwmMC0VqieTiR4jg==}
    engines: {node: ^18.17.0 || ^20.3.0 || >=21.0.0}
    cpu: [s390x]
    os: [linux]

  '@img/sharp-linux-x64@0.34.5':
    resolution: {integrity: sha512-MEzd8HPKxVxVenwAa+JRPwEC7QFjoPWuS5NZnBt6B3pu7EG2Ge0id1oLHZpPJdn3OQK+BQDiw9zStiHBTJQQQQ==}
    engines: {node: ^18.17.0 || ^20.3.0 || >=21.0.0}
    cpu: [x64]
    os: [linux]

  '@img/sharp-linuxmusl-arm64@0.34.5':
    resolution: {integrity: sha512-fprJR6GtRsMt6Kyfq44IsChVZeGN97gTD331weR1ex1c1rypDEABN6Tm2xa1wE6lYb5DdEnk03NZPqA7Id21yg==}
    engines: {node: ^18.17.0 || ^20.3.0 || >=21.0.0}
    cpu: [arm64]
    os: [linux]

  '@img/sharp-linuxmusl-x64@0.34.5':
    resolution: {integrity: sha512-Jg8wNT1MUzIvhBFxViqrEhWDGzqymo3sV7z7ZsaWbZNDLXRJZoRGrjulp60YYtV4wfY8VIKcWidjojlLcWrd8Q==}
    engines: {node: ^18.17.0 || ^20.3.0 || >=21.0.0}
    cpu: [x64]
    os: [linux]

  '@img/sharp-wasm32@0.34.5':
    resolution: {integrity: sha512-OdWTEiVkY2PHwqkbBI8frFxQQFekHaSSkUIJkwzclWZe64O1X4UlUjqqqLaPbUpMOQk6FBu/HtlGXNblIs0huw==}
    engines: {node: ^18.17.0 || ^20.3.0 || >=21.0.0}
    cpu: [wasm32]

  '@img/sharp-win32-arm64@0.34.5':
    resolution: {integrity: sha512-WQ3AgWCWYSb2yt+IG8mnC6Jdk9Whs7O0gxphblsLvdhSpSTtmu69ZG1Gkb6NuvxsNACwiPV6cNSZNzt0KPsw7g==}
    engines: {node: ^18.17.0 || ^20.3.0 || >=21.0.0}
    cpu: [arm64]
    os: [win32]

  '@img/sharp-win32-ia32@0.34.5':
    resolution: {integrity: sha512-FV9m/7NmeCmSHDD5j4+4pNI8Cp3aW+JvLoXcTUo0IqyjSfAZJ8dIUmijx1qaJsIiU+Hosw6xM5KijAWRJCSgNg==}
    engines: {node: ^18.17.0 || ^20.3.0 || >=21.0.0}
    cpu: [ia32]
    os: [win32]

  '@img/sharp-win32-x64@0.34.5':
    resolution: {integrity: sha512-+29YMsqY2/9eFEiW93eqWnuLcWcufowXewwSNIT6UwZdUUCrM3oFjMWH/Z6/TMmb4hlFenmfAVbpWeup2jryCw==}
    engines: {node: ^18.17.0 || ^20.3.0 || >=21.0.0}
    cpu: [x64]
    os: [win32]

  '@next/env@16.1.1':
    resolution: {integrity: sha512-3oxyM97Sr2PqiVyMyrZUtrtM3jqqFxOQJVuKclDsgj/L728iZt/GyslkN4NwarledZATCenbk4Offjk1hQmaAA==}

  '@next/swc-darwin-arm64@16.1.1':
    resolution: {integrity: sha512-JS3m42ifsVSJjSTzh27nW+Igfha3NdBOFScr9C80hHGrWx55pTrVL23RJbqir7k7/15SKlrLHhh/MQzqBBYrQA==}
    engines: {node: '>= 10'}
    cpu: [arm64]
    os: [darwin]

  '@next/swc-darwin-x64@16.1.1':
    resolution: {integrity: sha512-hbyKtrDGUkgkyQi1m1IyD3q4I/3m9ngr+V93z4oKHrPcmxwNL5iMWORvLSGAf2YujL+6HxgVvZuCYZfLfb4bGw==}
    engines: {node: '>= 10'}
    cpu: [x64]
    os: [darwin]

  '@next/swc-linux-arm64-gnu@16.1.1':
    resolution: {integrity: sha512-/fvHet+EYckFvRLQ0jPHJCUI5/B56+2DpI1xDSvi80r/3Ez+Eaa2Yq4tJcRTaB1kqj/HrYKn8Yplm9bNoMJpwQ==}
    engines: {node: '>= 10'}
    cpu: [arm64]
    os: [linux]

  '@next/swc-linux-arm64-musl@16.1.1':
    resolution: {integrity: sha512-MFHrgL4TXNQbBPzkKKur4Fb5ICEJa87HM7fczFs2+HWblM7mMLdco3dvyTI+QmLBU9xgns/EeeINSZD6Ar+oLg==}
    engines: {node: '>= 10'}
    cpu: [arm64]
    os: [linux]

  '@next/swc-linux-x64-gnu@16.1.1':
    resolution: {integrity: sha512-20bYDfgOQAPUkkKBnyP9PTuHiJGM7HzNBbuqmD0jiFVZ0aOldz+VnJhbxzjcSabYsnNjMPsE0cyzEudpYxsrUQ==}
    engines: {node: '>= 10'}
    cpu: [x64]
    os: [linux]

  '@next/swc-linux-x64-musl@16.1.1':
    resolution: {integrity: sha512-9pRbK3M4asAHQRkwaXwu601oPZHghuSC8IXNENgbBSyImHv/zY4K5udBusgdHkvJ/Tcr96jJwQYOll0qU8+fPA==}
    engines: {node: '>= 10'}
    cpu: [x64]
    os: [linux]

  '@next/swc-win32-arm64-msvc@16.1.1':
    resolution: {integrity: sha512-bdfQkggaLgnmYrFkSQfsHfOhk/mCYmjnrbRCGgkMcoOBZ4n+TRRSLmT/CU5SATzlBJ9TpioUyBW/vWFXTqQRiA==}
    engines: {node: '>= 10'}
    cpu: [arm64]
    os: [win32]

  '@next/swc-win32-x64-msvc@16.1.1':
    resolution: {integrity: sha512-Ncwbw2WJ57Al5OX0k4chM68DKhEPlrXBaSXDCi2kPi5f4d8b3ejr3RRJGfKBLrn2YJL5ezNS7w2TZLHSti8CMw==}
    engines: {node: '>= 10'}
    cpu: [x64]
    os: [win32]

  '@prisma/client@5.19.1':
    resolution: {integrity: sha512-x30GFguInsgt+4z5I4WbkZP2CGpotJMUXy+Gl/aaUjHn2o1DnLYNTA+q9XdYmAQZM8fIIkvUiA2NpgosM3fneg==}
    engines: {node: '>=16.13'}
    peerDependencies:
      prisma: '*'
    peerDependenciesMeta:
      prisma:
        optional: true

  '@prisma/debug@5.19.1':
    resolution: {integrity: sha512-lAG6A6QnG2AskAukIEucYJZxxcSqKsMK74ZFVfCTOM/7UiyJQi48v6TQ47d6qKG3LbMslqOvnTX25dj/qvclGg==}

  '@prisma/engines-version@5.19.1-2.69d742ee20b815d88e17e54db4a2a7a3b30324e3':
    resolution: {integrity: sha512-xR6rt+z5LnNqTP5BBc+8+ySgf4WNMimOKXRn6xfNRDSpHvbOEmd7+qAOmzCrddEc4Cp8nFC0txU14dstjH7FXA==}

  '@prisma/engines@5.19.1':
    resolution: {integrity: sha512-kR/PoxZDrfUmbbXqqb8SlBBgCjvGaJYMCOe189PEYzq9rKqitQ2fvT/VJ8PDSe8tTNxhc2KzsCfCAL+Iwm/7Cg==}

  '@prisma/fetch-engine@5.19.1':
    resolution: {integrity: sha512-pCq74rtlOVJfn4pLmdJj+eI4P7w2dugOnnTXpRilP/6n5b2aZiA4ulJlE0ddCbTPkfHmOL9BfaRgA8o+1rfdHw==}

  '@prisma/get-platform@5.19.1':
    resolution: {integrity: sha512-sCeoJ+7yt0UjnR+AXZL7vXlg5eNxaFOwC23h0KvW1YIXUoa7+W2ZcAUhoEQBmJTW4GrFqCuZ8YSP0mkDa4k3Zg==}

  '@stablelib/base64@1.0.1':
    resolution: {integrity: sha512-1bnPQqSxSuc3Ii6MhBysoWCg58j97aUjuCSZrGSmDxNqtytIi0k8utUenAwTZN4V5mXXYGsVUI9zeBqy+jBOSQ==}

  '@swc/helpers@0.5.15':
    resolution: {integrity: sha512-JQ5TuMi45Owi4/BIMAJBoSQoOJu12oOk/gADqlcUL9JEdHB8vyjUSsxqeNXnmXHjYKMi2WcYtezGEEhqUI/E2g==}

  '@vercel/blob@2.0.0':
    resolution: {integrity: sha512-oAj7Pdy83YKSwIaMFoM7zFeLYWRc+qUpW3PiDSblxQMnGFb43qs4bmfq7dr/+JIfwhs6PTwe1o2YBwKhyjWxXw==}
    engines: {node: '>=20.0.0'}

  async-retry@1.3.3:
    resolution: {integrity: sha512-wfr/jstw9xNi/0teMHrRW7dsz3Lt5ARhYNZ2ewpadnhaIp5mbALhOAP+EAdsC7t4Z6wqsDVv9+W6gm1Dk9mEyw==}

  baseline-browser-mapping@2.9.12:
    resolution: {integrity: sha512-Mij6Lij93pTAIsSYy5cyBQ975Qh9uLEc5rwGTpomiZeXZL9yIS6uORJakb3ScHgfs0serMMfIbXzokPMuEiRyw==}
    hasBin: true

  caniuse-lite@1.0.30001762:
    resolution: {integrity: sha512-PxZwGNvH7Ak8WX5iXzoK1KPZttBXNPuaOvI2ZYU7NrlM+d9Ov+TUvlLOBNGzVXAntMSMMlJPd+jY6ovrVjSmUw==}

  client-only@0.0.1:
    resolution: {integrity: sha512-IV3Ou0jSMzZrd3pZ48nLkT9DA7Ag1pnPzaiQhpW7c3RbcqqzvzzVu+L8gfqMp/8IM2MQtSiqaCxrrcfu8I8rMA==}

  csstype@3.1.3:
    resolution: {integrity: sha512-M1uQkMl8rQK/szD0LNhtqxIPLpimGm8sOBwU7lLnCpSbTyY3yeU1Vc7l4KT5zT4s/yOxHH5O7tIuuLOCnLADRw==}

  dequal@2.0.3:
    resolution: {integrity: sha512-0je+qPKHEMohvfRTCEo3CrPG6cAzAYgmzKyxRiYSSDkS6eGJdyVJm7WaYA5ECaAD9wLB2T4EEeymA5aFVcYXCA==}
    engines: {node: '>=6'}

  detect-libc@2.1.2:
    resolution: {integrity: sha512-Btj2BOOO83o3WyH59e8MgXsxEQVcarkUOpEYrubB0urwnN10yQ364rsiByU11nZlqWYZm05i/of7io4mzihBtQ==}
    engines: {node: '>=8'}

  fast-sha256@1.3.0:
    resolution: {integrity: sha512-n11RGP/lrWEFI/bWdygLxhI+pVeo1ZYIVwvvPkW7azl/rOy+F3HYRZ2K5zeE9mmkhQppyv9sQFx0JM9UabnpPQ==}

  fsevents@2.3.3:
    resolution: {integrity: sha512-5xoDfX+fL7faATnagmWPpbFtwh/R77WmMMqqHGS65C3vvB0YHrgF+B1YmZ3441tMj5n63k0212XNoJwzlhffQw==}
    engines: {node: ^8.16.0 || ^10.6.0 || >=11.0.0}
    os: [darwin]

  glob-to-regexp@0.4.1:
    resolution: {integrity: sha512-lkX1HJXwyMcprw/5YUZc2s7DrpAiHB21/V+E1rHUrVNokkvB6bqMzT0VfV6/86ZNabt1k14YOIaT7nDvOX3Iiw==}

  is-buffer@2.0.5:
    resolution: {integrity: sha512-i2R6zNFDwgEHJyQUtJEk0XFi1i0dPFn/oqjK3/vPCcDeJvW5NQ83V8QbicfF1SupOaB0h8ntgBC2YiE7dfyctQ==}
    engines: {node: '>=4'}

  is-node-process@1.2.0:
    resolution: {integrity: sha512-Vg4o6/fqPxIjtxgUH5QLJhwZ7gW5diGCVlXpuUfELC62CuxM1iHcRe51f2W1FDy04Ai4KJkagKjx3XaqyfRKXw==}

  js-cookie@3.0.5:
    resolution: {integrity: sha512-cEiJEAEoIbWfCZYKWhVwFuvPX1gETRYPw6LlaTKoxD3s2AkXzkCjnp6h0V77ozyqj0jakteJ4YqDJT830+lVGw==}
    engines: {node: '>=14'}

  nanoid@3.3.11:
    resolution: {integrity: sha512-N8SpfPUnUp1bK+PMYW8qSWdl9U+wwNWI4QKxOYDy9JAro3WMX7p2OeVRF9v+347pnakNevPmiHhNmZ2HbFA76w==}
    engines: {node: ^10 || ^12 || ^13.7 || ^14 || >=15.0.1}
    hasBin: true

  next@16.1.1:
    resolution: {integrity: sha512-QI+T7xrxt1pF6SQ/JYFz95ro/mg/1Znk5vBebsWwbpejj1T0A23hO7GYEaVac9QUOT2BIMiuzm0L99ooq7k0/w==}
    engines: {node: '>=20.9.0'}
    hasBin: true
    peerDependencies:
      '@opentelemetry/api': ^1.1.0
      '@playwright/test': ^1.51.1
      babel-plugin-react-compiler: '*'
      react: ^18.2.0 || 19.0.0-rc-de68d2f4-20241204 || ^19.0.0
      react-dom: ^18.2.0 || 19.0.0-rc-de68d2f4-20241204 || ^19.0.0
      sass: ^1.3.0
    peerDependenciesMeta:
      '@opentelemetry/api':
        optional: true
      '@playwright/test':
        optional: true
      babel-plugin-react-compiler:
        optional: true
      sass:
        optional: true

  picocolors@1.1.1:
    resolution: {integrity: sha512-xceH2snhtb5M9liqDsmEw56le376mTZkEX/jEb/RxNFyegNul7eNslCXP9FDj/Lcu0X8KEyMceP2ntpaHrDEVA==}

  postcss@8.4.31:
    resolution: {integrity: sha512-PS08Iboia9mts/2ygV3eLpY5ghnUcfLV/EXTOW1E2qYxJKGGBUtNjN76FYHnMs36RmARn41bC0AZmn+rR0OVpQ==}
    engines: {node: ^10 || ^12 || >=14}

  prisma@5.19.1:
    resolution: {integrity: sha512-c5K9MiDaa+VAAyh1OiYk76PXOme9s3E992D7kvvIOhCrNsBQfy2mP2QAQtX0WNj140IgG++12kwZpYB9iIydNQ==}
    engines: {node: '>=16.13'}
    hasBin: true

  react-dom@19.2.3:
    resolution: {integrity: sha512-yELu4WmLPw5Mr/lmeEpox5rw3RETacE++JgHqQzd2dg+YbJuat3jH4ingc+WPZhxaoFzdv9y33G+F7Nl5O0GBg==}
    peerDependencies:
      react: ^19.2.3

  react@19.2.3:
    resolution: {integrity: sha512-Ku/hhYbVjOQnXDZFv2+RibmLFGwFdeeKHFcOTlrt7xplBnya5OGn/hIRDsqDiSUcfORsDC7MPxwork8jBwsIWA==}
    engines: {node: '>=0.10.0'}

  retry@0.13.1:
    resolution: {integrity: sha512-XQBQ3I8W1Cge0Seh+6gjj03LbmRFWuoszgK9ooCpwYIrhhoO80pfq4cUkU5DkknwfOfFteRwlZ56PYOGYyFWdg==}
    engines: {node: '>= 4'}

  scheduler@0.27.0:
    resolution: {integrity: sha512-eNv+WrVbKu1f3vbYJT/xtiF5syA5HPIMtf9IgY/nKg0sWqzAUEvqY/xm7OcZc/qafLx/iO9FgOmeSAp4v5ti/Q==}

  semver@7.7.3:
    resolution: {integrity: sha512-SdsKMrI9TdgjdweUSR9MweHA4EJ8YxHn8DFaDisvhVlUOe4BF1tLD7GAj0lIqWVl+dPb/rExr0Btby5loQm20Q==}
    engines: {node: '>=10'}
    hasBin: true

  server-only@0.0.1:
    resolution: {integrity: sha512-qepMx2JxAa5jjfzxG79yPPq+8BuFToHd1hm7kI+Z4zAq1ftQiP7HcxMhDDItrbtwVeLg/cY2JnKnrcFkmiswNA==}

  sharp@0.34.5:
    resolution: {integrity: sha512-Ou9I5Ft9WNcCbXrU9cMgPBcCK8LiwLqcbywW3t4oDV37n1pzpuNLsYiAV8eODnjbtQlSDwZ2cUEeQz4E54Hltg==}
    engines: {node: ^18.17.0 || ^20.3.0 || >=21.0.0}

  source-map-js@1.2.1:
    resolution: {integrity: sha512-UXWMKhLOwVKb728IUtQPXxfYU+usdybtUrK/8uGE8CQMvrhOpwvzDBwj0QhSL7MQc7vIsISBG8VQ8+IDQxpfQA==}
    engines: {node: '>=0.10.0'}

  standardwebhooks@1.0.0:
    resolution: {integrity: sha512-BbHGOQK9olHPMvQNHWul6MYlrRTAOKn03rOe4A8O3CLWhNf4YHBqq2HJKKC+sfqpxiBY52pNeesD6jIiLDz8jg==}

  std-env@3.10.0:
    resolution: {integrity: sha512-5GS12FdOZNliM5mAOxFRg7Ir0pWz8MdpYm6AY6VPkGpbA7ZzmbzNcBJQ0GPvvyWgcY7QAhCgf9Uy89I03faLkg==}

  styled-jsx@5.1.6:
    resolution: {integrity: sha512-qSVyDTeMotdvQYoHWLNGwRFJHC+i+ZvdBRYosOFgC+Wg1vx4frN2/RG/NA7SYqqvKNLf39P2LSRA2pu6n0XYZA==}
    engines: {node: '>= 12.0.0'}
    peerDependencies:
      '@babel/core': '*'
      babel-plugin-macros: '*'
      react: '>= 16.8.0 || 17.x.x || ^18.0.0-0 || ^19.0.0-0'
    peerDependenciesMeta:
      '@babel/core':
        optional: true
      babel-plugin-macros:
        optional: true

  swr@2.3.4:
    resolution: {integrity: sha512-bYd2lrhc+VarcpkgWclcUi92wYCpOgMws9Sd1hG1ntAu0NEy+14CbotuFjshBU2kt9rYj9TSmDcybpxpeTU1fg==}
    peerDependencies:
      react: ^16.11.0 || ^17.0.0 || ^18.0.0 || ^19.0.0

  throttleit@2.1.0:
    resolution: {integrity: sha512-nt6AMGKW1p/70DF/hGBdJB57B8Tspmbp5gfJ8ilhLnt7kkr2ye7hzD6NVG8GGErk2HWF34igrL2CXmNIkzKqKw==}
    engines: {node: '>=18'}

  tslib@2.8.1:
    resolution: {integrity: sha512-oJFu94HQb+KVduSUQL7wnpmqnfmLsOA/nAh6b6EH0wCEoK0/mPeXU6c3wKDV83MkOuHPRHtSXKKU99IBazS/2w==}

  undici@5.29.0:
    resolution: {integrity: sha512-raqeBD6NQK4SkWhQzeYKd1KmIG6dllBOTt55Rmkt4HtI9mwdWtJljnrXjAFUBLTSN67HWrOIZ3EPF4kjUw80Bg==}
    engines: {node: '>=14.0'}

  use-sync-external-store@1.6.0:
    resolution: {integrity: sha512-Pp6GSwGP/NrPIrxVFAIkOQeyw8lFenOHijQWkUTrDvrF4ALqylP2C/KCkeS9dpUM3KvYRQhna5vt7IL95+ZQ9w==}
    peerDependencies:
      react: ^16.8.0 || ^17.0.0 || ^18.0.0 || ^19.0.0

snapshots:

  '@clerk/backend@2.29.1(react-dom@19.2.3(react@19.2.3))(react@19.2.3)':
    dependencies:
      '@clerk/shared': 3.42.0(react-dom@19.2.3(react@19.2.3))(react@19.2.3)
      '@clerk/types': 4.101.10(react-dom@19.2.3(react@19.2.3))(react@19.2.3)
      standardwebhooks: 1.0.0
      tslib: 2.8.1
    transitivePeerDependencies:
      - react
      - react-dom

  '@clerk/clerk-react@5.59.3(react-dom@19.2.3(react@19.2.3))(react@19.2.3)':
    dependencies:
      '@clerk/shared': 3.42.0(react-dom@19.2.3(react@19.2.3))(react@19.2.3)
      react: 19.2.3
      react-dom: 19.2.3(react@19.2.3)
      tslib: 2.8.1

  '@clerk/nextjs@6.36.6(next@16.1.1(react-dom@19.2.3(react@19.2.3))(react@19.2.3))(react-dom@19.2.3(react@19.2.3))(react@19.2.3)':
    dependencies:
      '@clerk/backend': 2.29.1(react-dom@19.2.3(react@19.2.3))(react@19.2.3)
      '@clerk/clerk-react': 5.59.3(react-dom@19.2.3(react@19.2.3))(react@19.2.3)
      '@clerk/shared': 3.42.0(react-dom@19.2.3(react@19.2.3))(react@19.2.3)
      '@clerk/types': 4.101.10(react-dom@19.2.3(react@19.2.3))(react@19.2.3)
      next: 16.1.1(react-dom@19.2.3(react@19.2.3))(react@19.2.3)
      react: 19.2.3
      react-dom: 19.2.3(react@19.2.3)
      server-only: 0.0.1
      tslib: 2.8.1

  '@clerk/shared@3.42.0(react-dom@19.2.3(react@19.2.3))(react@19.2.3)':
    dependencies:
      csstype: 3.1.3
      dequal: 2.0.3
      glob-to-regexp: 0.4.1
      js-cookie: 3.0.5
      std-env: 3.10.0
      swr: 2.3.4(react@19.2.3)
    optionalDependencies:
      react: 19.2.3
      react-dom: 19.2.3(react@19.2.3)

  '@clerk/types@4.101.10(react-dom@19.2.3(react@19.2.3))(react@19.2.3)':
    dependencies:
      '@clerk/shared': 3.42.0(react-dom@19.2.3(react@19.2.3))(react@19.2.3)
    transitivePeerDependencies:
      - react
      - react-dom

  '@emnapi/runtime@1.8.1':
    dependencies:
      tslib: 2.8.1
    optional: true

  '@fastify/busboy@2.1.1': {}

  '@img/colour@1.0.0':
    optional: true

  '@img/sharp-darwin-arm64@0.34.5':
    optionalDependencies:
      '@img/sharp-libvips-darwin-arm64': 1.2.4
    optional: true

  '@img/sharp-darwin-x64@0.34.5':
    optionalDependencies:
      '@img/sharp-libvips-darwin-x64': 1.2.4
    optional: true

  '@img/sharp-libvips-darwin-arm64@1.2.4':
    optional: true

  '@img/sharp-libvips-darwin-x64@1.2.4':
    optional: true

  '@img/sharp-libvips-linux-arm64@1.2.4':
    optional: true

  '@img/sharp-libvips-linux-arm@1.2.4':
    optional: true

  '@img/sharp-libvips-linux-ppc64@1.2.4':
    optional: true

  '@img/sharp-libvips-linux-riscv64@1.2.4':
    optional: true

  '@img/sharp-libvips-linux-s390x@1.2.4':
    optional: true

  '@img/sharp-libvips-linux-x64@1.2.4':
    optional: true

  '@img/sharp-libvips-linuxmusl-arm64@1.2.4':
    optional: true

  '@img/sharp-libvips-linuxmusl-x64@1.2.4':
    optional: true

  '@img/sharp-linux-arm64@0.34.5':
    optionalDependencies:
      '@img/sharp-libvips-linux-arm64': 1.2.4
    optional: true

  '@img/sharp-linux-arm@0.34.5':
    optionalDependencies:
      '@img/sharp-libvips-linux-arm': 1.2.4
    optional: true

  '@img/sharp-linux-ppc64@0.34.5':
    optionalDependencies:
      '@img/sharp-libvips-linux-ppc64': 1.2.4
    optional: true

  '@img/sharp-linux-riscv64@0.34.5':
    optionalDependencies:
      '@img/sharp-libvips-linux-riscv64': 1.2.4
    optional: true

  '@img/sharp-linux-s390x@0.34.5':
    optionalDependencies:
      '@img/sharp-libvips-linux-s390x': 1.2.4
    optional: true

  '@img/sharp-linux-x64@0.34.5':
    optionalDependencies:
      '@img/sharp-libvips-linux-x64': 1.2.4
    optional: true

  '@img/sharp-linuxmusl-arm64@0.34.5':
    optionalDependencies:
      '@img/sharp-libvips-linuxmusl-arm64': 1.2.4
    optional: true

  '@img/sharp-linuxmusl-x64@0.34.5':
    optionalDependencies:
      '@img/sharp-libvips-linuxmusl-x64': 1.2.4
    optional: true

  '@img/sharp-wasm32@0.34.5':
    dependencies:
      '@emnapi/runtime': 1.8.1
    optional: true

  '@img/sharp-win32-arm64@0.34.5':
    optional: true

  '@img/sharp-win32-ia32@0.34.5':
    optional: true

  '@img/sharp-win32-x64@0.34.5':
    optional: true

  '@next/env@16.1.1': {}

  '@next/swc-darwin-arm64@16.1.1':
    optional: true

  '@next/swc-darwin-x64@16.1.1':
    optional: true

  '@next/swc-linux-arm64-gnu@16.1.1':
    optional: true

  '@next/swc-linux-arm64-musl@16.1.1':
    optional: true

  '@next/swc-linux-x64-gnu@16.1.1':
    optional: true

  '@next/swc-linux-x64-musl@16.1.1':
    optional: true

  '@next/swc-win32-arm64-msvc@16.1.1':
    optional: true

  '@next/swc-win32-x64-msvc@16.1.1':
    optional: true

  '@prisma/client@5.19.1(prisma@5.19.1)':
    optionalDependencies:
      prisma: 5.19.1

  '@prisma/debug@5.19.1': {}

  '@prisma/engines-version@5.19.1-2.69d742ee20b815d88e17e54db4a2a7a3b30324e3': {}

  '@prisma/engines@5.19.1':
    dependencies:
      '@prisma/debug': 5.19.1
      '@prisma/engines-version': 5.19.1-2.69d742ee20b815d88e17e54db4a2a7a3b30324e3
      '@prisma/fetch-engine': 5.19.1
      '@prisma/get-platform': 5.19.1

  '@prisma/fetch-engine@5.19.1':
    dependencies:
      '@prisma/debug': 5.19.1
      '@prisma/engines-version': 5.19.1-2.69d742ee20b815d88e17e54db4a2a7a3b30324e3
      '@prisma/get-platform': 5.19.1

  '@prisma/get-platform@5.19.1':
    dependencies:
      '@prisma/debug': 5.19.1

  '@stablelib/base64@1.0.1': {}

  '@swc/helpers@0.5.15':
    dependencies:
      tslib: 2.8.1

  '@vercel/blob@2.0.0':
    dependencies:
      async-retry: 1.3.3
      is-buffer: 2.0.5
      is-node-process: 1.2.0
      throttleit: 2.1.0
      undici: 5.29.0

  async-retry@1.3.3:
    dependencies:
      retry: 0.13.1

  baseline-browser-mapping@2.9.12: {}

  caniuse-lite@1.0.30001762: {}

  client-only@0.0.1: {}

  csstype@3.1.3: {}

  dequal@2.0.3: {}

  detect-libc@2.1.2:
    optional: true

  fast-sha256@1.3.0: {}

  fsevents@2.3.3:
    optional: true

  glob-to-regexp@0.4.1: {}

  is-buffer@2.0.5: {}

  is-node-process@1.2.0: {}

  js-cookie@3.0.5: {}

  nanoid@3.3.11: {}

  next@16.1.1(react-dom@19.2.3(react@19.2.3))(react@19.2.3):
    dependencies:
      '@next/env': 16.1.1
      '@swc/helpers': 0.5.15
      baseline-browser-mapping: 2.9.12
      caniuse-lite: 1.0.30001762
      postcss: 8.4.31
      react: 19.2.3
      react-dom: 19.2.3(react@19.2.3)
      styled-jsx: 5.1.6(react@19.2.3)
    optionalDependencies:
      '@next/swc-darwin-arm64': 16.1.1
      '@next/swc-darwin-x64': 16.1.1
      '@next/swc-linux-arm64-gnu': 16.1.1
      '@next/swc-linux-arm64-musl': 16.1.1
      '@next/swc-linux-x64-gnu': 16.1.1
      '@next/swc-linux-x64-musl': 16.1.1
      '@next/swc-win32-arm64-msvc': 16.1.1
      '@next/swc-win32-x64-msvc': 16.1.1
      sharp: 0.34.5
    transitivePeerDependencies:
      - '@babel/core'
      - babel-plugin-macros

  picocolors@1.1.1: {}

  postcss@8.4.31:
    dependencies:
      nanoid: 3.3.11
      picocolors: 1.1.1
      source-map-js: 1.2.1

  prisma@5.19.1:
    dependencies:
      '@prisma/engines': 5.19.1
    optionalDependencies:
      fsevents: 2.3.3

  react-dom@19.2.3(react@19.2.3):
    dependencies:
      react: 19.2.3
      scheduler: 0.27.0

  react@19.2.3: {}

  retry@0.13.1: {}

  scheduler@0.27.0: {}

  semver@7.7.3:
    optional: true

  server-only@0.0.1: {}

  sharp@0.34.5:
    dependencies:
      '@img/colour': 1.0.0
      detect-libc: 2.1.2
      semver: 7.7.3
    optionalDependencies:
      '@img/sharp-darwin-arm64': 0.34.5
      '@img/sharp-darwin-x64': 0.34.5
      '@img/sharp-libvips-darwin-arm64': 1.2.4
      '@img/sharp-libvips-darwin-x64': 1.2.4
      '@img/sharp-libvips-linux-arm': 1.2.4
      '@img/sharp-libvips-linux-arm64': 1.2.4
      '@img/sharp-libvips-linux-ppc64': 1.2.4
      '@img/sharp-libvips-linux-riscv64': 1.2.4
      '@img/sharp-libvips-linux-s390x': 1.2.4
      '@img/sharp-libvips-linux-x64': 1.2.4
      '@img/sharp-libvips-linuxmusl-arm64': 1.2.4
      '@img/sharp-libvips-linuxmusl-x64': 1.2.4
      '@img/sharp-linux-arm': 0.34.5
      '@img/sharp-linux-arm64': 0.34.5
      '@img/sharp-linux-ppc64': 0.34.5
      '@img/sharp-linux-riscv64': 0.34.5
      '@img/sharp-linux-s390x': 0.34.5
      '@img/sharp-linux-x64': 0.34.5
      '@img/sharp-linuxmusl-arm64': 0.34.5
      '@img/sharp-linuxmusl-x64': 0.34.5
      '@img/sharp-wasm32': 0.34.5
      '@img/sharp-win32-arm64': 0.34.5
      '@img/sharp-win32-ia32': 0.34.5
      '@img/sharp-win32-x64': 0.34.5
    optional: true

  source-map-js@1.2.1: {}

  standardwebhooks@1.0.0:
    dependencies:
      '@stablelib/base64': 1.0.1
      fast-sha256: 1.3.0

  std-env@3.10.0: {}

  styled-jsx@5.1.6(react@19.2.3):
    dependencies:
      client-only: 0.0.1
      react: 19.2.3

  swr@2.3.4(react@19.2.3):
    dependencies:
      dequal: 2.0.3
      react: 19.2.3
      use-sync-external-store: 1.6.0(react@19.2.3)

  throttleit@2.1.0: {}

  tslib@2.8.1: {}

  undici@5.29.0:
    dependencies:
      '@fastify/busboy': 2.1.1

  use-sync-external-store@1.6.0(react@19.2.3):
    dependencies:
      react: 19.2.3
